// !$*UTF8*$!
{
	archiveVersion = 1;
	classes = {
	};
	objectVersion = 46;
	objects = {

/* Begin PBXBuildFile section */
		1783B9431AF7A08500BF5840 /* main.m in Sources */ = {isa = PBXBuildFile; fileRef = 1783B9421AF7A08500BF5840 /* main.m */; };
		1783B9461AF7A08500BF5840 /* AppDelegate.m in Sources */ = {isa = PBXBuildFile; fileRef = 1783B9451AF7A08500BF5840 /* AppDelegate.m */; };
		1783B9491AF7A08500BF5840 /* ViewController.m in Sources */ = {isa = PBXBuildFile; fileRef = 1783B9481AF7A08500BF5840 /* ViewController.m */; };
		1783B94C1AF7A08500BF5840 /* Main.storyboard in Resources */ = {isa = PBXBuildFile; fileRef = 1783B94A1AF7A08500BF5840 /* Main.storyboard */; };
		1783B94E1AF7A08500BF5840 /* Images.xcassets in Resources */ = {isa = PBXBuildFile; fileRef = 1783B94D1AF7A08500BF5840 /* Images.xcassets */; };
		1783B9511AF7A08500BF5840 /* LaunchScreen.xib in Resources */ = {isa = PBXBuildFile; fileRef = 1783B94F1AF7A08500BF5840 /* LaunchScreen.xib */; };
		1783B95D1AF7A08500BF5840 /* CPStampAnimationDemoTests.m in Sources */ = {isa = PBXBuildFile; fileRef = 1783B95C1AF7A08500BF5840 /* CPStampAnimationDemoTests.m */; };
		1783B96A1AF7A0D500BF5840 /* demo_stamp.png in Resources */ = {isa = PBXBuildFile; fileRef = 1783B9681AF7A0D500BF5840 /* demo_stamp.png */; };
		1783B96B1AF7A0D500BF5840 /* demo_stamp@2x.png in Resources */ = {isa = PBXBuildFile; fileRef = 1783B9691AF7A0D500BF5840 /* demo_stamp@2x.png */; };
		1783B96E1AF7A7AF00BF5840 /* UIView+CPStampAnimation.m in Sources */ = {isa = PBXBuildFile; fileRef = 1783B96D1AF7A7AF00BF5840 /* UIView+CPStampAnimation.m */; };
/* End PBXBuildFile section */

/* Begin PBXContainerItemProxy section */
		1783B9571AF7A08500BF5840 /* PBXContainerItemProxy */ = {
			isa = PBXContainerItemProxy;
			containerPortal = 1783B9351AF7A08500BF5840 /* Project object */;
			proxyType = 1;
			remoteGlobalIDString = 1783B93C1AF7A08500BF5840;
			remoteInfo = CPStampAnimationDemo;
		};
/* End PBXContainerItemProxy section */

/* Begin PBXFileReference section */
		1783B93D1AF7A08500BF5840 /* CPStampAnimationDemo.app */ = {isa = PBXFileReference; explicitFileType = wrapper.application; includeInIndex = 0; path = CPStampAnimationDemo.app; sourceTree = BUILT_PRODUCTS_DIR; };
		1783B9411AF7A08500BF5840 /* Info.plist */ = {isa = PBXFileReference; lastKnownFileType = text.plist.xml; path = Info.plist; sourceTree = "<group>"; };
		1783B9421AF7A08500BF5840 /* main.m */ = {isa = PBXFileReference; lastKnownFileType = sourcecode.c.objc; path = main.m; sourceTree = "<group>"; };
		1783B9441AF7A08500BF5840 /* AppDelegate.h */ = {isa = PBXFileReference; lastKnownFileType = sourcecode.c.h; path = AppDelegate.h; sourceTree = "<group>"; };
		1783B9451AF7A08500BF5840 /* AppDelegate.m */ = {isa = PBXFileReference; lastKnownFileType = sourcecode.c.objc; path = AppDelegate.m; sourceTree = "<group>"; };
		1783B9471AF7A08500BF5840 /* ViewController.h */ = {isa = PBXFileReference; lastKnownFileType = sourcecode.c.h; path = ViewController.h; sourceTree = "<group>"; };
		1783B9481AF7A08500BF5840 /* ViewController.m */ = {isa = PBXFileReference; lastKnownFileType = sourcecode.c.objc; path = ViewController.m; sourceTree = "<group>"; };
		1783B94B1AF7A08500BF5840 /* Base */ = {isa = PBXFileReference; lastKnownFileType = file.storyboard; name = Base; path = Base.lproj/Main.storyboard; sourceTree = "<group>"; };
		1783B94D1AF7A08500BF5840 /* Images.xcassets */ = {isa = PBXFileReference; lastKnownFileType = folder.assetcatalog; path = Images.xcassets; sourceTree = "<group>"; };
		1783B9501AF7A08500BF5840 /* Base */ = {isa = PBXFileReference; lastKnownFileType = file.xib; name = Base; path = Base.lproj/LaunchScreen.xib; sourceTree = "<group>"; };
		1783B9561AF7A08500BF5840 /* CPStampAnimationDemoTests.xctest */ = {isa = PBXFileReference; explicitFileType = wrapper.cfbundle; includeInIndex = 0; path = CPStampAnimationDemoTests.xctest; sourceTree = BUILT_PRODUCTS_DIR; };
		1783B95B1AF7A08500BF5840 /* Info.plist */ = {isa = PBXFileReference; lastKnownFileType = text.plist.xml; path = Info.plist; sourceTree = "<group>"; };
		1783B95C1AF7A08500BF5840 /* CPStampAnimationDemoTests.m */ = {isa = PBXFileReference; lastKnownFileType = sourcecode.c.objc; path = CPStampAnimationDemoTests.m; sourceTree = "<group>"; };
		1783B9681AF7A0D500BF5840 /* demo_stamp.png */ = {isa = PBXFileReference; lastKnownFileType = image.png; path = demo_stamp.png; sourceTree = "<group>"; };
		1783B9691AF7A0D500BF5840 /* demo_stamp@2x.png */ = {isa = PBXFileReference; lastKnownFileType = image.png; path = "demo_stamp@2x.png"; sourceTree = "<group>"; };
		1783B96C1AF7A7AF00BF5840 /* UIView+CPStampAnimation.h */ = {isa = PBXFileReference; fileEncoding = 4; lastKnownFileType = sourcecode.c.h; path = "UIView+CPStampAnimation.h"; sourceTree = "<group>"; };
		1783B96D1AF7A7AF00BF5840 /* UIView+CPStampAnimation.m */ = {isa = PBXFileReference; fileEncoding = 4; lastKnownFileType = sourcecode.c.objc; path = "UIView+CPStampAnimation.m"; sourceTree = "<group>"; };
/* End PBXFileReference section */

/* Begin PBXFrameworksBuildPhase section */
		1783B93A1AF7A08500BF5840 /* Frameworks */ = {
			isa = PBXFrameworksBuildPhase;
			buildActionMask = 2147483647;
			files = (
			);
			runOnlyForDeploymentPostprocessing = 0;
		};
		1783B9531AF7A08500BF5840 /* Frameworks */ = {
			isa = PBXFrameworksBuildPhase;
			buildActionMask = 2147483647;
			files = (
			);
			runOnlyForDeploymentPostprocessing = 0;
		};
/* End PBXFrameworksBuildPhase section */

/* Begin PBXGroup section */
		1783B9341AF7A08400BF5840 = {
			isa = PBXGroup;
			children = (
				1783B9661AF7A09200BF5840 /* CPStampAnimation */,
				1783B93F1AF7A08500BF5840 /* CPStampAnimationDemo */,
				1783B9591AF7A08500BF5840 /* CPStampAnimationDemoTests */,
				1783B93E1AF7A08500BF5840 /* Products */,
			);
			sourceTree = "<group>";
		};
		1783B93E1AF7A08500BF5840 /* Products */ = {
			isa = PBXGroup;
			children = (
				1783B93D1AF7A08500BF5840 /* CPStampAnimationDemo.app */,
				1783B9561AF7A08500BF5840 /* CPStampAnimationDemoTests.xctest */,
			);
			name = Products;
			sourceTree = "<group>";
		};
		1783B93F1AF7A08500BF5840 /* CPStampAnimationDemo */ = {
			isa = PBXGroup;
			children = (
				1783B9671AF7A0A300BF5840 /* Assets */,
				1783B9441AF7A08500BF5840 /* AppDelegate.h */,
				1783B9451AF7A08500BF5840 /* AppDelegate.m */,
				1783B9471AF7A08500BF5840 /* ViewController.h */,
				1783B9481AF7A08500BF5840 /* ViewController.m */,
				1783B94A1AF7A08500BF5840 /* Main.storyboard */,
				1783B94D1AF7A08500BF5840 /* Images.xcassets */,
				1783B94F1AF7A08500BF5840 /* LaunchScreen.xib */,
				1783B9401AF7A08500BF5840 /* Supporting Files */,
			);
			path = CPStampAnimationDemo;
			sourceTree = "<group>";
		};
		1783B9401AF7A08500BF5840 /* Supporting Files */ = {
			isa = PBXGroup;
			children = (
				1783B9411AF7A08500BF5840 /* Info.plist */,
				1783B9421AF7A08500BF5840 /* main.m */,
			);
			name = "Supporting Files";
			sourceTree = "<group>";
		};
		1783B9591AF7A08500BF5840 /* CPStampAnimationDemoTests */ = {
			isa = PBXGroup;
			children = (
				1783B95C1AF7A08500BF5840 /* CPStampAnimationDemoTests.m */,
				1783B95A1AF7A08500BF5840 /* Supporting Files */,
			);
			path = CPStampAnimationDemoTests;
			sourceTree = "<group>";
		};
		1783B95A1AF7A08500BF5840 /* Supporting Files */ = {
			isa = PBXGroup;
			children = (
				1783B95B1AF7A08500BF5840 /* Info.plist */,
			);
			name = "Supporting Files";
			sourceTree = "<group>";
		};
		1783B9661AF7A09200BF5840 /* CPStampAnimation */ = {
			isa = PBXGroup;
			children = (
				1783B96C1AF7A7AF00BF5840 /* UIView+CPStampAnimation.h */,
				1783B96D1AF7A7AF00BF5840 /* UIView+CPStampAnimation.m */,
			);
			name = CPStampAnimation;
			path = ../../CPStampAnimation;
			sourceTree = "<group>";
		};
		1783B9671AF7A0A300BF5840 /* Assets */ = {
			isa = PBXGroup;
			children = (
				1783B9681AF7A0D500BF5840 /* demo_stamp.png */,
				1783B9691AF7A0D500BF5840 /* demo_stamp@2x.png */,
			);
			name = Assets;
			path = ../../Assets;
			sourceTree = "<group>";
		};
/* End PBXGroup section */

/* Begin PBXNativeTarget section */
		1783B93C1AF7A08500BF5840 /* CPStampAnimationDemo */ = {
			isa = PBXNativeTarget;
			buildConfigurationList = 1783B9601AF7A08500BF5840 /* Build configuration list for PBXNativeTarget "CPStampAnimationDemo" */;
			buildPhases = (
				1783B9391AF7A08500BF5840 /* Sources */,
				1783B93A1AF7A08500BF5840 /* Frameworks */,
				1783B93B1AF7A08500BF5840 /* Resources */,
			);
			buildRules = (
			);
			dependencies = (
			);
			name = CPStampAnimationDemo;
			productName = CPStampAnimationDemo;
			productReference = 1783B93D1AF7A08500BF5840 /* CPStampAnimationDemo.app */;
			productType = "com.apple.product-type.application";
		};
		1783B9551AF7A08500BF5840 /* CPStampAnimationDemoTests */ = {
			isa = PBXNativeTarget;
			buildConfigurationList = 1783B9631AF7A08500BF5840 /* Build configuration list for PBXNativeTarget "CPStampAnimationDemoTests" */;
			buildPhases = (
				1783B9521AF7A08500BF5840 /* Sources */,
				1783B9531AF7A08500BF5840 /* Frameworks */,
				1783B9541AF7A08500BF5840 /* Resources */,
			);
			buildRules = (
			);
			dependencies = (
				1783B9581AF7A08500BF5840 /* PBXTargetDependency */,
			);
			name = CPStampAnimationDemoTests;
			productName = CPStampAnimationDemoTests;
			productReference = 1783B9561AF7A08500BF5840 /* CPStampAnimationDemoTests.xctest */;
			productType = "com.apple.product-type.bundle.unit-test";
		};
/* End PBXNativeTarget section */

/* Begin PBXProject section */
		1783B9351AF7A08500BF5840 /* Project object */ = {
			isa = PBXProject;
			attributes = {
				LastUpgradeCheck = 0630;
				ORGANIZATIONNAME = "Codepool GmbH";
				TargetAttributes = {
					1783B93C1AF7A08500BF5840 = {
						CreatedOnToolsVersion = 6.3.1;
					};
					1783B9551AF7A08500BF5840 = {
						CreatedOnToolsVersion = 6.3.1;
						TestTargetID = 1783B93C1AF7A08500BF5840;
					};
				};
			};
			buildConfigurationList = 1783B9381AF7A08500BF5840 /* Build configuration list for PBXProject "CPStampAnimationDemo" */;
			compatibilityVersion = "Xcode 3.2";
			developmentRegion = English;
			hasScannedForEncodings = 0;
			knownRegions = (
				en,
				Base,
			);
			mainGroup = 1783B9341AF7A08400BF5840;
			productRefGroup = 1783B93E1AF7A08500BF5840 /* Products */;
			projectDirPath = "";
			projectRoot = "";
			targets = (
				1783B93C1AF7A08500BF5840 /* CPStampAnimationDemo */,
				1783B9551AF7A08500BF5840 /* CPStampAnimationDemoTests */,
			);
		};
/* End PBXProject section */

/* Begin PBXResourcesBuildPhase section */
		1783B93B1AF7A08500BF5840 /* Resources */ = {
			isa = PBXResourcesBuildPhase;
			buildActionMask = 2147483647;
			files = (
				1783B94C1AF7A08500BF5840 /* Main.storyboard in Resources */,
				1783B9511AF7A08500BF5840 /* LaunchScreen.xib in Resources */,
				1783B96A1AF7A0D500BF5840 /* demo_stamp.png in Resources */,
				1783B94E1AF7A08500BF5840 /* Images.xcassets in Resources */,
				1783B96B1AF7A0D500BF5840 /* demo_stamp@2x.png in Resources */,
			);
			runOnlyForDeploymentPostprocessing = 0;
		};
		1783B9541AF7A08500BF5840 /* Resources */ = {
			isa = PBXResourcesBuildPhase;
			buildActionMask = 2147483647;
			files = (
			);
			runOnlyForDeploymentPostprocessing = 0;
		};
/* End PBXResourcesBuildPhase section */

/* Begin PBXSourcesBuildPhase section */
		1783B9391AF7A08500BF5840 /* Sources */ = {
			isa = PBXSourcesBuildPhase;
			buildActionMask = 2147483647;
			files = (
				1783B96E1AF7A7AF00BF5840 /* UIView+CPStampAnimation.m in Sources */,
				1783B9491AF7A08500BF5840 /* ViewController.m in Sources */,
				1783B9461AF7A08500BF5840 /* AppDelegate.m in Sources */,
				1783B9431AF7A08500BF5840 /* main.m in Sources */,
			);
			runOnlyForDeploymentPostprocessing = 0;
		};
		1783B9521AF7A08500BF5840 /* Sources */ = {
			isa = PBXSourcesBuildPhase;
			buildActionMask = 2147483647;
			files = (
				1783B95D1AF7A08500BF5840 /* CPStampAnimationDemoTests.m in Sources */,
			);
			runOnlyForDeploymentPostprocessing = 0;
		};
/* End PBXSourcesBuildPhase section */

/* Begin PBXTargetDependency section */
		1783B9581AF7A08500BF5840 /* PBXTargetDependency */ = {
			isa = PBXTargetDependency;
			target = 1783B93C1AF7A08500BF5840 /* CPStampAnimationDemo */;
			targetProxy = 1783B9571AF7A08500BF5840 /* PBXContainerItemProxy */;
		};
/* End PBXTargetDependency section */

/* Begin PBXVariantGroup section */
		1783B94A1AF7A08500BF5840 /* Main.storyboard */ = {
			isa = PBXVariantGroup;
			children = (
				1783B94B1AF7A08500BF5840 /* Base */,
			);
			name = Main.storyboard;
			sourceTree = "<group>";
		};
		1783B94F1AF7A08500BF5840 /* LaunchScreen.xib */ = {
			isa = PBXVariantGroup;
			children = (
				1783B9501AF7A08500BF5840 /* Base */,
			);
			name = LaunchScreen.xib;
			sourceTree = "<group>";
		};
/* End PBXVariantGroup section */

/* Begin XCBuildConfiguration section */
		1783B95E1AF7A08500BF5840 /* Debug */ = {
			isa = XCBuildConfiguration;
			buildSettings = {
				ALWAYS_SEARCH_USER_PATHS = NO;
				CLANG_CXX_LANGUAGE_STANDARD = "gnu++0x";
				CLANG_CXX_LIBRARY = "libc++";
				CLANG_ENABLE_MODULES = YES;
				CLANG_ENABLE_OBJC_ARC = YES;
				CLANG_WARN_BOOL_CONVERSION = YES;
				CLANG_WARN_CONSTANT_CONVERSION = YES;
				CLANG_WARN_DIRECT_OBJC_ISA_USAGE = YES_ERROR;
				CLANG_WARN_EMPTY_BODY = YES;
				CLANG_WARN_ENUM_CONVERSION = YES;
				CLANG_WARN_INT_CONVERSION = YES;
				CLANG_WARN_OBJC_ROOT_CLASS = YES_ERROR;
				CLANG_WARN_UNREACHABLE_CODE = YES;
				CLANG_WARN__DUPLICATE_METHOD_MATCH = YES;
				"CODE_SIGN_IDENTITY[sdk=iphoneos*]" = "iPhone Developer";
				COPY_PHASE_STRIP = NO;
				DEBUG_INFORMATION_FORMAT = "dwarf-with-dsym";
				ENABLE_STRICT_OBJC_MSGSEND = YES;
				GCC_C_LANGUAGE_STANDARD = gnu99;
				GCC_DYNAMIC_NO_PIC = NO;
				GCC_NO_COMMON_BLOCKS = YES;
				GCC_OPTIMIZATION_LEVEL = 0;
				GCC_PREPROCESSOR_DEFINITIONS = (
					"DEBUG=1",
					"$(inherited)",
				);
				GCC_SYMBOLS_PRIVATE_EXTERN = NO;
				GCC_WARN_64_TO_32_BIT_CONVERSION = YES;
				GCC_WARN_ABOUT_RETURN_TYPE = YES_ERROR;
				GCC_WARN_UNDECLARED_SELECTOR = YES;
				GCC_WARN_UNINITIALIZED_AUTOS = YES_AGGRESSIVE;
				GCC_WARN_UNUSED_FUNCTION = YES;
				GCC_WARN_UNUSED_VARIABLE = YES;
				IPHONEOS_DEPLOYMENT_TARGET = 8.3;
				MTL_ENABLE_DEBUG_INFO = YES;
				ONLY_ACTIVE_ARCH = YES;
				SDKROOT = iphoneos;
			};
			name = Debug;
		};
		1783B95F1AF7A08500BF5840 /* Release */ = {
			isa = XCBuildConfiguration;
			buildSettings = {
				ALWAYS_SEARCH_USER_PATHS = NO;
				CLANG_CXX_LANGUAGE_STANDARD = "gnu++0x";
				CLANG_CXX_LIBRARY = "libc++";
				CLANG_ENABLE_MODULES = YES;
				CLANG_ENABLE_OBJC_ARC = YES;
				CLANG_WARN_BOOL_CONVERSION = YES;
				CLANG_WARN_CONSTANT_CONVERSION = YES;
				CLANG_WARN_DIRECT_OBJC_ISA_USAGE = YES_ERROR;
				CLANG_WARN_EMPTY_BODY = YES;
				CLANG_WARN_ENUM_CONVERSION = YES;
				CLANG_WARN_INT_CONVERSION = YES;
				CLANG_WARN_OBJC_ROOT_CLASS = YES_ERROR;
				CLANG_WARN_UNREACHABLE_CODE = YES;
				CLANG_WARN__DUPLICATE_METHOD_MATCH = YES;
				"CODE_SIGN_IDENTITY[sdk=iphoneos*]" = "iPhone Developer";
				COPY_PHASE_STRIP = NO;
				DEBUG_INFORMATION_FORMAT = "dwarf-with-dsym";
				ENABLE_NS_ASSERTIONS = NO;
				ENABLE_STRICT_OBJC_MSGSEND = YES;
				GCC_C_LANGUAGE_STANDARD = gnu99;
				GCC_NO_COMMON_BLOCKS = YES;
				GCC_WARN_64_TO_32_BIT_CONVERSION = YES;
				GCC_WARN_ABOUT_RETURN_TYPE = YES_ERROR;
				GCC_WARN_UNDECLARED_SELECTOR = YES;
				GCC_WARN_UNINITIALIZED_AUTOS = YES_AGGRESSIVE;
				GCC_WARN_UNUSED_FUNCTION = YES;
				GCC_WARN_UNUSED_VARIABLE = YES;
				IPHONEOS_DEPLOYMENT_TARGET = 8.3;
				MTL_ENABLE_DEBUG_INFO = NO;
				SDKROOT = iphoneos;
				VALIDATE_PRODUCT = YES;
			};
			name = Release;
		};
		1783B9611AF7A08500BF5840 /* Debug */ = {
			isa = XCBuildConfiguration;
			buildSettings = {
				ASSETCATALOG_COMPILER_APPICON_NAME = AppIcon;
				INFOPLIST_FILE = CPStampAnimationDemo/Info.plist;
				IPHONEOS_DEPLOYMENT_TARGET = 7.0;
				LD_RUNPATH_SEARCH_PATHS = "$(inherited) @executable_path/Frameworks";
				PRODUCT_NAME = "$(TARGET_NAME)";
			};
			name = Debug;
		};
		1783B9621AF7A08500BF5840 /* Release */ = {
			isa = XCBuildConfiguration;
			buildSettings = {
				ASSETCATALOG_COMPILER_APPICON_NAME = AppIcon;
				INFOPLIST_FILE = CPStampAnimationDemo/Info.plist;
				IPHONEOS_DEPLOYMENT_TARGET = 7.0;
				LD_RUNPATH_SEARCH_PATHS = "$(inherited) @executable_path/Frameworks";
				PRODUCT_NAME = "$(TARGET_NAME)";
			};
			name = Release;
		};
		1783B9641AF7A08500BF5840 /* Debug */ = {
			isa = XCBuildConfiguration;
			buildSettings = {
				BUNDLE_LOADER = "$(TEST_HOST)";
				FRAMEWORK_SEARCH_PATHS = (
					"$(SDKROOT)/Developer/Library/Frameworks",
					"$(inherited)",
				);
				GCC_PREPROCESSOR_DEFINITIONS = (
					"DEBUG=1",
					"$(inherited)",
				);
				INFOPLIST_FILE = CPStampAnimationDemoTests/Info.plist;
				LD_RUNPATH_SEARCH_PATHS = "$(inherited) @executable_path/Frameworks @loader_path/Frameworks";
				PRODUCT_NAME = "$(TARGET_NAME)";
				TEST_HOST = "$(BUILT_PRODUCTS_DIR)/CPStampAnimationDemo.app/CPStampAnimationDemo";
			};
			name = Debug;
		};
		1783B9651AF7A08500BF5840 /* Release */ = {
			isa = XCBuildConfiguration;
			buildSettings = {
				BUNDLE_LOADER = "$(TEST_HOST)";
				FRAMEWORK_SEARCH_PATHS = (
					"$(SDKROOT)/Developer/Library/Frameworks",
					"$(inherited)",
				);
				INFOPLIST_FILE = CPStampAnimationDemoTests/Info.plist;
				LD_RUNPATH_SEARCH_PATHS = "$(inherited) @executable_path/Frameworks @loader_path/Frameworks";
				PRODUCT_NAME = "$(TARGET_NAME)";
				TEST_HOST = "$(BUILT_PRODUCTS_DIR)/CPStampAnimationDemo.app/CPStampAnimationDemo";
			};
			name = Release;
		};
/* End XCBuildConfiguration section */

/* Begin XCConfigurationList section */
		1783B9381AF7A08500BF5840 /* Build configuration list for PBXProject "CPStampAnimationDemo" */ = {
			isa = XCConfigurationList;
			buildConfigurations = (
				1783B95E1AF7A08500BF5840 /* Debug */,
				1783B95F1AF7A08500BF5840 /* Release */,
			);
			defaultConfigurationIsVisible = 0;
			defaultConfigurationName = Release;
		};
		1783B9601AF7A08500BF5840 /* Build configuration list for PBXNativeTarget "CPStampAnimationDemo" */ = {
			isa = XCConfigurationList;
			buildConfigurations = (
				1783B9611AF7A08500BF5840 /* Debug */,
				1783B9621AF7A08500BF5840 /* Release */,
			);
			defaultConfigurationIsVisible = 0;
		};
		1783B9631AF7A08500BF5840 /* Build configuration list for PBXNativeTarget "CPStampAnimationDemoTests" */ = {
			isa = XCConfigurationList;
			buildConfigurations = (
				1783B9641AF7A08500BF5840 /* Debug */,
				1783B9651AF7A08500BF5840 /* Release */,
			);
			defaultConfigurationIsVisible = 0;
		};
/* End XCConfigurationList section */
	};
	rootObject = 1783B9351AF7A08500BF5840 /* Project object */;
}
